
Microsoft Visual Studio Solution File, Format Version 12.00
# Visual Studio 15
VisualStudioVersion = 15.0.28010.2046
MinimumVisualStudioVersion = 10.0.40219.1
Project("{FAE04EC0-301F-11D3-BF4B-00C04F79EFBC}") = "NasaAPI", "NasaAPI\NasaAPI.csproj", "{89B8741D-22A5-4E50-BBD5-A09FBAD01418}"
EndProject
Global
	GlobalSection(SolutionConfigurationPlatforms) = preSolution
		Debug|Any CPU = Debug|Any CPU
		Release|Any CPU = Release|Any CPU
	EndGlobalSection
	GlobalSection(ProjectConfigurationPlatforms) = postSolution
		{89B8741D-22A5-4E50-BBD5-A09FBAD01418}.Debug|Any CPU.ActiveCfg = Debug|Any CPU
		{89B8741D-22A5-4E50-BBD5-A09FBAD01418}.Debug|Any CPU.Build.0 = Debug|Any CPU
		{89B8741D-22A5-4E50-BBD5-A09FBAD01418}.Release|Any CPU.ActiveCfg = Release|Any CPU
		{89B8741D-22A5-4E50-BBD5-A09FBAD01418}.Release|Any CPU.Build.0 = Release|Any CPU
	EndGlobalSection
	GlobalSection(SolutionProperties) = preSolution
		HideSolutionNode = FALSE
	EndGlobalSection
	GlobalSection(ExtensibilityGlobals) = postSolution
		SolutionGuid = {FCD7D12E-A3E0-497D-9CDA-2A6EE7029293}
	EndGlobalSection
EndGlobal
